<?xml version="1.0" encoding="utf-8"?>
<Project ToolsVersion="4.0" xmlns="http://schemas.microsoft.com/developer/msbuild/2003">
  <ItemGroup>
    <Filter Include="Source Files">
      <UniqueIdentifier>{4FC737F1-C7A5-4376-A066-2A32D752A2FF}</UniqueIdentifier>
      <Extensions>cpp;c;cc;cxx;c++;cppm;ixx;def;odl;idl;hpj;bat;asm;asmx</Extensions>
    </Filter>
    <Filter Include="Header Files">
      <UniqueIdentifier>{93995380-89BD-4b04-88EB-625FBE52EBFB}</UniqueIdentifier>
      <Extensions>h;hh;hpp;hxx;h++;hm;inl;inc;ipp;xsd</Extensions>
    </Filter>
    <Filter Include="Resource Files">
      <UniqueIdentifier>{67DA6AB6-F800-4c08-8B7A-83BB121AAD01}</UniqueIdentifier>
      <Extensions>rc;ico;cur;bmp;dlg;rc2;rct;bin;rgs;gif;jpg;jpeg;jpe;resx;tiff;tif;png;wav;mfcribbon-ms</Extensions>
    </Filter>
  </ItemGroup>
  <ItemGroup>
    <ClCompile Include="Main.cpp">
      <Filter>Source Files</Filter>
    </ClCompile>
    <ClCompile Include="Controllers\CustomersController.cpp">
      <Filter>Source Files</Filter>
    </ClCompile>
    <ClCompile Include="Data\Access\CustomerAccess.cpp">
      <Filter>Source Files</Filter>
    </ClCompile>
    <ClCompile Include="Views\Register\RegisterView.cpp">
      <Filter>Source Files</Filter>
    </ClCompile>
    <ClCompile Include="Views\Shared\Partials\_Header.cpp">
      <Filter>Source Files</Filter>
    </ClCompile>
    <ClCompile Include="Controllers\HomeController.cpp">
      <Filter>Source Files</Filter>
    </ClCompile>
    <ClCompile Include="Views\Home\Home.cpp">
      <Filter>Source Files</Filter>
    </ClCompile>
    <ClCompile Include="Sources\SQLite3\sqlite3.c">
      <Filter>Source Files</Filter>
    </ClCompile>
    <ClCompile Include="Helpers\Database\Database.cpp">
      <Filter>Source Files</Filter>
    </ClCompile>
    <ClCompile Include="Helpers\Random\Random.cpp">
      <Filter>Source Files</Filter>
    </ClCompile>
    <ClCompile Include="Helpers\DateTime\DateTime.cpp">
      <Filter>Source Files</Filter>
    </ClCompile>
    <ClCompile Include="Views\Login\LoginView.cpp">
      <Filter>Source Files</Filter>
    </ClCompile>
    <ClCompile Include="Controllers\ProcessController.cpp">
      <Filter>Source Files</Filter>
    </ClCompile>
    <ClCompile Include="Views\Process\ProcessView.cpp">
      <Filter>Source Files</Filter>
    </ClCompile>
    <ClCompile Include="Data\Access\LoginHistoryAccess.cpp">
      <Filter>Source Files</Filter>
    </ClCompile>
    <ClCompile Include="Controllers\AccountsController.cpp">
      <Filter>Source Files</Filter>
    </ClCompile>
    <ClCompile Include="Views\Accounts\AccountsView.cpp">
      <Filter>Source Files</Filter>
    </ClCompile>
    <ClCompile Include="Data\Access\AccountAccess.cpp">
      <Filter>Source Files</Filter>
    </ClCompile>
    <ClCompile Include="Views\Accounts\AddAccountView.cpp">
      <Filter>Source Files</Filter>
    </ClCompile>
    <ClCompile Include="Helpers\String\String.cpp">
      <Filter>Source Files</Filter>
    </ClCompile>
    <ClCompile Include="Views\LoginHistories\LoginHistoriesView.cpp">
      <Filter>Source Files</Filter>
    </ClCompile>
    <ClCompile Include="Controllers\TransactionsController.cpp">
      <Filter>Source Files</Filter>
    </ClCompile>
    <ClCompile Include="Data\Access\TransactionAccess.cpp">
      <Filter>Source Files</Filter>
    </ClCompile>
    <ClCompile Include="Views\Transactions\DepositView.cpp">
      <Filter>Source Files</Filter>
    </ClCompile>
    <ClCompile Include="Views\Transactions\WithdrawView.cpp">
      <Filter>Source Files</Filter>
    </ClCompile>
    <ClCompile Include="Views\Transactions\TransferView.cpp">
      <Filter>Source Files</Filter>
    </ClCompile>
  </ItemGroup>
  <ItemGroup>
    <None Include="Databases\ZamarBankDB.db" />
    <None Include="packages.config" />
  </ItemGroup>
  <ItemGroup>
    <ClInclude Include="Data\Models\Customer.h">
      <Filter>Header Files</Filter>
    </ClInclude>
    <ClInclude Include="Data\Models\LoginHistory.h">
      <Filter>Header Files</Filter>
    </ClInclude>
    <ClInclude Include="Data\Models\Account.h">
      <Filter>Header Files</Filter>
    </ClInclude>
    <ClInclude Include="Data\Enums\AccountType.h">
      <Filter>Header Files</Filter>
    </ClInclude>
    <ClInclude Include="Data\Models\Transaction.h">
      <Filter>Header Files</Filter>
    </ClInclude>
    <ClInclude Include="Data\Enums\TransactionType.h">
      <Filter>Header Files</Filter>
    </ClInclude>
    <ClInclude Include="Controllers\CustomersController.h">
      <Filter>Header Files</Filter>
    </ClInclude>
    <ClInclude Include="Data\ViewModels\CustomerViewModel.h">
      <Filter>Header Files</Filter>
    </ClInclude>
    <ClInclude Include="Data\Access\CustomerAccess.h">
      <Filter>Header Files</Filter>
    </ClInclude>
    <ClInclude Include="Views\Register\RegisterView.h">
      <Filter>Header Files</Filter>
    </ClInclude>
    <ClInclude Include="Views\Shared\Partials\_Header.h">
      <Filter>Header Files</Filter>
    </ClInclude>
    <ClInclude Include="Controllers\HomeController.h">
      <Filter>Header Files</Filter>
    </ClInclude>
    <ClInclude Include="Views\Home\Home.h">
      <Filter>Header Files</Filter>
    </ClInclude>
    <ClInclude Include="Helpers\Database\Database.h">
      <Filter>Header Files</Filter>
    </ClInclude>
    <ClInclude Include="Helpers\Random\Random.h">
      <Filter>Header Files</Filter>
    </ClInclude>
    <ClInclude Include="Helpers\DateTime\DateTime.h">
      <Filter>Header Files</Filter>
    </ClInclude>
    <ClInclude Include="Views\Login\LoginView.h">
      <Filter>Header Files</Filter>
    </ClInclude>
    <ClInclude Include="Controllers\ProcessController.h">
      <Filter>Header Files</Filter>
    </ClInclude>
    <ClInclude Include="Views\Process\ProcessView.h">
      <Filter>Header Files</Filter>
    </ClInclude>
    <ClInclude Include="Data\Access\LoginHistoryAccess.h">
      <Filter>Header Files</Filter>
    </ClInclude>
    <ClInclude Include="Controllers\AccountsController.h">
      <Filter>Header Files</Filter>
    </ClInclude>
    <ClInclude Include="Views\Accounts\AccountsView.h">
      <Filter>Header Files</Filter>
    </ClInclude>
    <ClInclude Include="Data\Access\AccountAccess.h">
      <Filter>Header Files</Filter>
    </ClInclude>
    <ClInclude Include="Views\Accounts\AddAccountView.h">
      <Filter>Header Files</Filter>
    </ClInclude>
    <ClInclude Include="Helpers\String\String.h">
      <Filter>Header Files</Filter>
    </ClInclude>
    <ClInclude Include="Views\LoginHistories\LoginHistoriesView.h">
      <Filter>Header Files</Filter>
    </ClInclude>
    <ClInclude Include="Controllers\TransactionsController.h">
      <Filter>Header Files</Filter>
    </ClInclude>
    <ClInclude Include="Data\Access\TransactionAccess.h">
      <Filter>Header Files</Filter>
    </ClInclude>
    <ClInclude Include="Views\Transactions\DepositView.h">
      <Filter>Header Files</Filter>
    </ClInclude>
    <ClInclude Include="Data\ViewModels\TransactionViewModel.h">
      <Filter>Header Files</Filter>
    </ClInclude>
    <ClInclude Include="Views\Transactions\WithdrawView.h">
      <Filter>Header Files</Filter>
    </ClInclude>
    <ClInclude Include="Views\Transactions\TransferView.h">
      <Filter>Header Files</Filter>
    </ClInclude>
  </ItemGroup>
</Project>